// !$*UTF8*$!
{
	archiveVersion = 1;
	classes = {
	};
	objectVersion = 48;
	objects = {

/* Begin PBXBuildFile section */
		0A2A5B9F2146417900B6B32A /* UniTransformer.h in Headers */ = {isa = PBXBuildFile; fileRef = 0A2A5B9D2146417900B6B32A /* UniTransformer.h */; settings = {ATTRIBUTES = (Public, ); }; };
		0A2A5BA02146417900B6B32A /* UniTransformer.h in Headers */ = {isa = PBXBuildFile; fileRef = 0A2A5B9D2146417900B6B32A /* UniTransformer.h */; settings = {ATTRIBUTES = (Public, ); }; };
		0A2A5BA12146417900B6B32A /* UniTransformer.h in Headers */ = {isa = PBXBuildFile; fileRef = 0A2A5B9D2146417900B6B32A /* UniTransformer.h */; settings = {ATTRIBUTES = (Public, ); }; };
		0A2A5BA22146417900B6B32A /* UniTransformer.h in Headers */ = {isa = PBXBuildFile; fileRef = 0A2A5B9D2146417900B6B32A /* UniTransformer.h */; settings = {ATTRIBUTES = (Public, ); }; };
		0A2A5BA32146417900B6B32A /* UniTransformer.m in Sources */ = {isa = PBXBuildFile; fileRef = 0A2A5B9E2146417900B6B32A /* UniTransformer.m */; };
		0A2A5BA42146417900B6B32A /* UniTransformer.m in Sources */ = {isa = PBXBuildFile; fileRef = 0A2A5B9E2146417900B6B32A /* UniTransformer.m */; };
		0A2A5BA52146417900B6B32A /* UniTransformer.m in Sources */ = {isa = PBXBuildFile; fileRef = 0A2A5B9E2146417900B6B32A /* UniTransformer.m */; };
		0A2A5BA62146417900B6B32A /* UniTransformer.m in Sources */ = {isa = PBXBuildFile; fileRef = 0A2A5B9E2146417900B6B32A /* UniTransformer.m */; };
		0A473BF120A1BFF80052412B /* AppDelegate.m in Sources */ = {isa = PBXBuildFile; fileRef = 0A473BF020A1BFF80052412B /* AppDelegate.m */; };
		0A473BF420A1BFF80052412B /* ViewController.m in Sources */ = {isa = PBXBuildFile; fileRef = 0A473BF320A1BFF80052412B /* ViewController.m */; };
		0A473BF720A1BFF80052412B /* Main.storyboard in Resources */ = {isa = PBXBuildFile; fileRef = 0A473BF520A1BFF80052412B /* Main.storyboard */; };
		0A473BF920A1BFF90052412B /* Assets.xcassets in Resources */ = {isa = PBXBuildFile; fileRef = 0A473BF820A1BFF90052412B /* Assets.xcassets */; };
		0A473BFC20A1BFF90052412B /* LaunchScreen.storyboard in Resources */ = {isa = PBXBuildFile; fileRef = 0A473BFA20A1BFF90052412B /* LaunchScreen.storyboard */; };
		0A473BFF20A1BFF90052412B /* main.m in Sources */ = {isa = PBXBuildFile; fileRef = 0A473BFE20A1BFF90052412B /* main.m */; };
		0A473C0820A1C0250052412B /* Article.m in Sources */ = {isa = PBXBuildFile; fileRef = 0A473BE420A1BACB0052412B /* Article.m */; };
		0A473C0920A1C0280052412B /* Comment.m in Sources */ = {isa = PBXBuildFile; fileRef = 0A473BE020A1BACB0052412B /* Comment.m */; };
		0A473C0A20A1C02B0052412B /* User.m in Sources */ = {isa = PBXBuildFile; fileRef = 0A473BE220A1BACB0052412B /* User.m */; };
		0A668D9720A30FB7009F29B8 /* article.json in Resources */ = {isa = PBXBuildFile; fileRef = 0A668D9620A30DFA009F29B8 /* article.json */; };
		0A7655CA2022EF1B0061FEC8 /* Unicorn.h in Headers */ = {isa = PBXBuildFile; fileRef = 0A7655BC2022EF1B0061FEC8 /* Unicorn.h */; settings = {ATTRIBUTES = (Public, ); }; };
		0A7655DB2022EF5B0061FEC8 /* UniClass.h in Headers */ = {isa = PBXBuildFile; fileRef = 0A7655D92022EF5B0061FEC8 /* UniClass.h */; };
		0A7655DC2022EF5B0061FEC8 /* UniClass.m in Sources */ = {isa = PBXBuildFile; fileRef = 0A7655DA2022EF5B0061FEC8 /* UniClass.m */; };
		0A8CECA72040F3820007FAA8 /* NSObject+Uni.h in Headers */ = {isa = PBXBuildFile; fileRef = 0A8CECA52040F3820007FAA8 /* NSObject+Uni.h */; settings = {ATTRIBUTES = (Public, ); }; };
		0A8CECA82040F3820007FAA8 /* NSObject+Uni.m in Sources */ = {isa = PBXBuildFile; fileRef = 0A8CECA62040F3820007FAA8 /* NSObject+Uni.m */; };
		0AD7F2AD20A0356F00592635 /* NSObject+Uni.h in Headers */ = {isa = PBXBuildFile; fileRef = 0A8CECA52040F3820007FAA8 /* NSObject+Uni.h */; settings = {ATTRIBUTES = (Public, ); }; };
		0AD7F2AE20A0357000592635 /* NSObject+Uni.h in Headers */ = {isa = PBXBuildFile; fileRef = 0A8CECA52040F3820007FAA8 /* NSObject+Uni.h */; settings = {ATTRIBUTES = (Public, ); }; };
		0AD7F2AF20A0357000592635 /* NSObject+Uni.h in Headers */ = {isa = PBXBuildFile; fileRef = 0A8CECA52040F3820007FAA8 /* NSObject+Uni.h */; settings = {ATTRIBUTES = (Public, ); }; };
		0AD7F2B020A0357E00592635 /* UniClass.h in Headers */ = {isa = PBXBuildFile; fileRef = 0A7655D92022EF5B0061FEC8 /* UniClass.h */; };
		0AD7F2B120A0357E00592635 /* UniClass.h in Headers */ = {isa = PBXBuildFile; fileRef = 0A7655D92022EF5B0061FEC8 /* UniClass.h */; };
		0AD7F2B220A0357F00592635 /* UniClass.h in Headers */ = {isa = PBXBuildFile; fileRef = 0A7655D92022EF5B0061FEC8 /* UniClass.h */; };
		0AD7F2B320A0358300592635 /* UniClass.m in Sources */ = {isa = PBXBuildFile; fileRef = 0A7655DA2022EF5B0061FEC8 /* UniClass.m */; };
		0AD7F2B420A0358400592635 /* UniClass.m in Sources */ = {isa = PBXBuildFile; fileRef = 0A7655DA2022EF5B0061FEC8 /* UniClass.m */; };
		0AD7F2B520A0358400592635 /* UniClass.m in Sources */ = {isa = PBXBuildFile; fileRef = 0A7655DA2022EF5B0061FEC8 /* UniClass.m */; };
		0AD7F2B620A0358700592635 /* UniCompat.h in Headers */ = {isa = PBXBuildFile; fileRef = 0AD7F284209FF7B200592635 /* UniCompat.h */; settings = {ATTRIBUTES = (Public, ); }; };
		0AD7F2B720A0358700592635 /* UniCompat.h in Headers */ = {isa = PBXBuildFile; fileRef = 0AD7F284209FF7B200592635 /* UniCompat.h */; settings = {ATTRIBUTES = (Public, ); }; };
		0AD7F2B820A0358800592635 /* UniCompat.h in Headers */ = {isa = PBXBuildFile; fileRef = 0AD7F284209FF7B200592635 /* UniCompat.h */; settings = {ATTRIBUTES = (Public, ); }; };
		0AD7F2B920A0358800592635 /* UniCompat.h in Headers */ = {isa = PBXBuildFile; fileRef = 0AD7F284209FF7B200592635 /* UniCompat.h */; settings = {ATTRIBUTES = (Public, ); }; };
		0AD7F2BA20A0358E00592635 /* Unicorn.h in Headers */ = {isa = PBXBuildFile; fileRef = 0A7655BC2022EF1B0061FEC8 /* Unicorn.h */; settings = {ATTRIBUTES = (Public, ); }; };
		0AD7F2BB20A0358F00592635 /* Unicorn.h in Headers */ = {isa = PBXBuildFile; fileRef = 0A7655BC2022EF1B0061FEC8 /* Unicorn.h */; settings = {ATTRIBUTES = (Public, ); }; };
		0AD7F2BC20A0358F00592635 /* Unicorn.h in Headers */ = {isa = PBXBuildFile; fileRef = 0A7655BC2022EF1B0061FEC8 /* Unicorn.h */; settings = {ATTRIBUTES = (Public, ); }; };
		0AD7F2BD20A0359600592635 /* UniDB.h in Headers */ = {isa = PBXBuildFile; fileRef = 0AFC97AB2023F35400D6506E /* UniDB.h */; };
		0AD7F2BE20A0359600592635 /* UniDB.h in Headers */ = {isa = PBXBuildFile; fileRef = 0AFC97AB2023F35400D6506E /* UniDB.h */; };
		0AD7F2BF20A0359700592635 /* UniDB.h in Headers */ = {isa = PBXBuildFile; fileRef = 0AFC97AB2023F35400D6506E /* UniDB.h */; };
		0AD7F2C020A0359C00592635 /* UniDB.m in Sources */ = {isa = PBXBuildFile; fileRef = 0AFC97AC2023F35400D6506E /* UniDB.m */; };
		0AD7F2C120A0359C00592635 /* UniDB.m in Sources */ = {isa = PBXBuildFile; fileRef = 0AFC97AC2023F35400D6506E /* UniDB.m */; };
		0AD7F2C220A0359D00592635 /* UniDB.m in Sources */ = {isa = PBXBuildFile; fileRef = 0AFC97AC2023F35400D6506E /* UniDB.m */; };
		0AD7F2C320A035AA00592635 /* NSObject+Uni.m in Sources */ = {isa = PBXBuildFile; fileRef = 0A8CECA62040F3820007FAA8 /* NSObject+Uni.m */; };
		0AD7F2C420A035AB00592635 /* NSObject+Uni.m in Sources */ = {isa = PBXBuildFile; fileRef = 0A8CECA62040F3820007FAA8 /* NSObject+Uni.m */; };
		0AD7F2C520A035AB00592635 /* NSObject+Uni.m in Sources */ = {isa = PBXBuildFile; fileRef = 0A8CECA62040F3820007FAA8 /* NSObject+Uni.m */; };
		0AFC31F620E4B45F0055D7FC /* Unicorn.framework in Frameworks */ = {isa = PBXBuildFile; fileRef = 0A7655B92022EF1B0061FEC8 /* Unicorn.framework */; };
		0AFC31F720E4B45F0055D7FC /* Unicorn.framework in Embed Frameworks */ = {isa = PBXBuildFile; fileRef = 0A7655B92022EF1B0061FEC8 /* Unicorn.framework */; settings = {ATTRIBUTES = (CodeSignOnCopy, RemoveHeadersOnCopy, ); }; };
		0AFC97AD2023F35400D6506E /* UniDB.h in Headers */ = {isa = PBXBuildFile; fileRef = 0AFC97AB2023F35400D6506E /* UniDB.h */; };
		0AFC97AE2023F35400D6506E /* UniDB.m in Sources */ = {isa = PBXBuildFile; fileRef = 0AFC97AC2023F35400D6506E /* UniDB.m */; };
		C9DDA3AC2269C90A004BB735 /* AppDelegate.swift in Sources */ = {isa = PBXBuildFile; fileRef = C9DDA3AB2269C90A004BB735 /* AppDelegate.swift */; };
		C9DDA3AE2269C90A004BB735 /* ViewController.swift in Sources */ = {isa = PBXBuildFile; fileRef = C9DDA3AD2269C90A004BB735 /* ViewController.swift */; };
		C9DDA3B02269C90B004BB735 /* Assets.xcassets in Resources */ = {isa = PBXBuildFile; fileRef = C9DDA3AF2269C90B004BB735 /* Assets.xcassets */; };
		C9DDA3B32269C90B004BB735 /* Main.storyboard in Resources */ = {isa = PBXBuildFile; fileRef = C9DDA3B12269C90B004BB735 /* Main.storyboard */; };
		C9DDA3B92269CAB1004BB735 /* Unicorn.framework in Frameworks */ = {isa = PBXBuildFile; fileRef = 0AD7F2A520A034DD00592635 /* Unicorn.framework */; };
		C9DDA3BA2269CAB1004BB735 /* Unicorn.framework in Embed Frameworks */ = {isa = PBXBuildFile; fileRef = 0AD7F2A520A034DD00592635 /* Unicorn.framework */; settings = {ATTRIBUTES = (CodeSignOnCopy, RemoveHeadersOnCopy, ); }; };
/* End PBXBuildFile section */

/* Begin PBXContainerItemProxy section */
		0AFC31F820E4B45F0055D7FC /* PBXContainerItemProxy */ = {
			isa = PBXContainerItemProxy;
			containerPortal = 0A7655B02022EF1B0061FEC8 /* Project object */;
			proxyType = 1;
			remoteGlobalIDString = 0A7655B82022EF1B0061FEC8;
			remoteInfo = "Unicorn iOS";
		};
		C9DDA3BB2269CAB1004BB735 /* PBXContainerItemProxy */ = {
			isa = PBXContainerItemProxy;
			containerPortal = 0A7655B02022EF1B0061FEC8 /* Project object */;
			proxyType = 1;
			remoteGlobalIDString = 0AD7F2A420A034DD00592635;
			remoteInfo = "Unicorn macOS";
		};
/* End PBXContainerItemProxy section */

/* Begin PBXCopyFilesBuildPhase section */
		0A668DC220A32661009F29B8 /* Embed Watch Content */ = {
			isa = PBXCopyFilesBuildPhase;
			buildActionMask = 2147483647;
			dstPath = "$(CONTENTS_FOLDER_PATH)/Watch";
			dstSubfolderSpec = 16;
			files = (
			);
			name = "Embed Watch Content";
			runOnlyForDeploymentPostprocessing = 0;
		};
		0AFC31FA20E4B45F0055D7FC /* Embed Frameworks */ = {
			isa = PBXCopyFilesBuildPhase;
			buildActionMask = 2147483647;
			dstPath = "";
			dstSubfolderSpec = 10;
			files = (
				0AFC31F720E4B45F0055D7FC /* Unicorn.framework in Embed Frameworks */,
			);
			name = "Embed Frameworks";
			runOnlyForDeploymentPostprocessing = 0;
		};
		C9DDA3BD2269CAB1004BB735 /* Embed Frameworks */ = {
			isa = PBXCopyFilesBuildPhase;
			buildActionMask = 2147483647;
			dstPath = "";
			dstSubfolderSpec = 10;
			files = (
				C9DDA3BA2269CAB1004BB735 /* Unicorn.framework in Embed Frameworks */,
			);
			name = "Embed Frameworks";
			runOnlyForDeploymentPostprocessing = 0;
		};
/* End PBXCopyFilesBuildPhase section */

/* Begin PBXFileReference section */
		0A2A5B9D2146417900B6B32A /* UniTransformer.h */ = {isa = PBXFileReference; lastKnownFileType = sourcecode.c.h; path = UniTransformer.h; sourceTree = "<group>"; };
		0A2A5B9E2146417900B6B32A /* UniTransformer.m */ = {isa = PBXFileReference; lastKnownFileType = sourcecode.c.objc; path = UniTransformer.m; sourceTree = "<group>"; };
		0A473BE020A1BACB0052412B /* Comment.m */ = {isa = PBXFileReference; lastKnownFileType = sourcecode.c.objc; path = Comment.m; sourceTree = "<group>"; };
		0A473BE120A1BACB0052412B /* Comment.h */ = {isa = PBXFileReference; lastKnownFileType = sourcecode.c.h; path = Comment.h; sourceTree = "<group>"; };
		0A473BE220A1BACB0052412B /* User.m */ = {isa = PBXFileReference; lastKnownFileType = sourcecode.c.objc; path = User.m; sourceTree = "<group>"; };
		0A473BE320A1BACB0052412B /* Article.h */ = {isa = PBXFileReference; lastKnownFileType = sourcecode.c.h; path = Article.h; sourceTree = "<group>"; };
		0A473BE420A1BACB0052412B /* Article.m */ = {isa = PBXFileReference; lastKnownFileType = sourcecode.c.objc; path = Article.m; sourceTree = "<group>"; };
		0A473BE520A1BACB0052412B /* User.h */ = {isa = PBXFileReference; lastKnownFileType = sourcecode.c.h; path = User.h; sourceTree = "<group>"; };
		0A473BED20A1BFF80052412B /* Unicorn Example iOS.app */ = {isa = PBXFileReference; explicitFileType = wrapper.application; includeInIndex = 0; path = "Unicorn Example iOS.app"; sourceTree = BUILT_PRODUCTS_DIR; };
		0A473BEF20A1BFF80052412B /* AppDelegate.h */ = {isa = PBXFileReference; lastKnownFileType = sourcecode.c.h; path = AppDelegate.h; sourceTree = "<group>"; };
		0A473BF020A1BFF80052412B /* AppDelegate.m */ = {isa = PBXFileReference; lastKnownFileType = sourcecode.c.objc; path = AppDelegate.m; sourceTree = "<group>"; };
		0A473BF220A1BFF80052412B /* ViewController.h */ = {isa = PBXFileReference; lastKnownFileType = sourcecode.c.h; path = ViewController.h; sourceTree = "<group>"; };
		0A473BF320A1BFF80052412B /* ViewController.m */ = {isa = PBXFileReference; lastKnownFileType = sourcecode.c.objc; path = ViewController.m; sourceTree = "<group>"; };
		0A473BF620A1BFF80052412B /* Base */ = {isa = PBXFileReference; lastKnownFileType = file.storyboard; name = Base; path = Base.lproj/Main.storyboard; sourceTree = "<group>"; };
		0A473BF820A1BFF90052412B /* Assets.xcassets */ = {isa = PBXFileReference; lastKnownFileType = folder.assetcatalog; path = Assets.xcassets; sourceTree = "<group>"; };
		0A473BFB20A1BFF90052412B /* Base */ = {isa = PBXFileReference; lastKnownFileType = file.storyboard; name = Base; path = Base.lproj/LaunchScreen.storyboard; sourceTree = "<group>"; };
		0A473BFD20A1BFF90052412B /* Info.plist */ = {isa = PBXFileReference; lastKnownFileType = text.plist.xml; path = Info.plist; sourceTree = "<group>"; };
		0A473BFE20A1BFF90052412B /* main.m */ = {isa = PBXFileReference; lastKnownFileType = sourcecode.c.objc; path = main.m; sourceTree = "<group>"; };
		0A668D9620A30DFA009F29B8 /* article.json */ = {isa = PBXFileReference; lastKnownFileType = text.json; path = article.json; sourceTree = "<group>"; };
		0A668D9D20A3265F009F29B8 /* Base */ = {isa = PBXFileReference; lastKnownFileType = file.storyboard; name = Base; path = Base.lproj/Interface.storyboard; sourceTree = "<group>"; };
		0A668D9F20A32661009F29B8 /* Assets.xcassets */ = {isa = PBXFileReference; lastKnownFileType = folder.assetcatalog; path = Assets.xcassets; sourceTree = "<group>"; };
		0A668DA120A32661009F29B8 /* Info.plist */ = {isa = PBXFileReference; lastKnownFileType = text.plist.xml; path = Info.plist; sourceTree = "<group>"; };
		0A668DAB20A32661009F29B8 /* InterfaceController.h */ = {isa = PBXFileReference; lastKnownFileType = sourcecode.c.h; path = InterfaceController.h; sourceTree = "<group>"; };
		0A668DAC20A32661009F29B8 /* InterfaceController.m */ = {isa = PBXFileReference; lastKnownFileType = sourcecode.c.objc; path = InterfaceController.m; sourceTree = "<group>"; };
		0A668DAE20A32661009F29B8 /* ExtensionDelegate.h */ = {isa = PBXFileReference; lastKnownFileType = sourcecode.c.h; path = ExtensionDelegate.h; sourceTree = "<group>"; };
		0A668DAF20A32661009F29B8 /* ExtensionDelegate.m */ = {isa = PBXFileReference; lastKnownFileType = sourcecode.c.objc; path = ExtensionDelegate.m; sourceTree = "<group>"; };
		0A668DB120A32661009F29B8 /* NotificationController.h */ = {isa = PBXFileReference; lastKnownFileType = sourcecode.c.h; path = NotificationController.h; sourceTree = "<group>"; };
		0A668DB220A32661009F29B8 /* NotificationController.m */ = {isa = PBXFileReference; lastKnownFileType = sourcecode.c.objc; path = NotificationController.m; sourceTree = "<group>"; };
		0A668DB420A32661009F29B8 /* Assets.xcassets */ = {isa = PBXFileReference; lastKnownFileType = folder.assetcatalog; path = Assets.xcassets; sourceTree = "<group>"; };
		0A668DB620A32661009F29B8 /* Info.plist */ = {isa = PBXFileReference; lastKnownFileType = text.plist.xml; path = Info.plist; sourceTree = "<group>"; };
		0A668DB720A32661009F29B8 /* PushNotificationPayload.apns */ = {isa = PBXFileReference; lastKnownFileType = text; path = PushNotificationPayload.apns; sourceTree = "<group>"; };
		0A668DC720A326EA009F29B8 /* Benchmark.h */ = {isa = PBXFileReference; lastKnownFileType = sourcecode.c.h; path = Benchmark.h; sourceTree = "<group>"; };
		0A7655B92022EF1B0061FEC8 /* Unicorn.framework */ = {isa = PBXFileReference; explicitFileType = wrapper.framework; includeInIndex = 0; path = Unicorn.framework; sourceTree = BUILT_PRODUCTS_DIR; };
		0A7655BC2022EF1B0061FEC8 /* Unicorn.h */ = {isa = PBXFileReference; lastKnownFileType = sourcecode.c.h; path = Unicorn.h; sourceTree = "<group>"; };
		0A7655BD2022EF1B0061FEC8 /* Info.plist */ = {isa = PBXFileReference; lastKnownFileType = text.plist.xml; path = Info.plist; sourceTree = "<group>"; };
		0A7655D92022EF5B0061FEC8 /* UniClass.h */ = {isa = PBXFileReference; lastKnownFileType = sourcecode.c.h; path = UniClass.h; sourceTree = "<group>"; };
		0A7655DA2022EF5B0061FEC8 /* UniClass.m */ = {isa = PBXFileReference; lastKnownFileType = sourcecode.c.objc; path = UniClass.m; sourceTree = "<group>"; };
		0A8CECA52040F3820007FAA8 /* NSObject+Uni.h */ = {isa = PBXFileReference; lastKnownFileType = sourcecode.c.h; path = "NSObject+Uni.h"; sourceTree = "<group>"; };
		0A8CECA62040F3820007FAA8 /* NSObject+Uni.m */ = {isa = PBXFileReference; lastKnownFileType = sourcecode.c.objc; path = "NSObject+Uni.m"; sourceTree = "<group>"; };
		0AD7F284209FF7B200592635 /* UniCompat.h */ = {isa = PBXFileReference; lastKnownFileType = sourcecode.c.h; path = UniCompat.h; sourceTree = "<group>"; };
		0AD7F28A20A034A000592635 /* Unicorn.framework */ = {isa = PBXFileReference; explicitFileType = wrapper.framework; includeInIndex = 0; path = Unicorn.framework; sourceTree = BUILT_PRODUCTS_DIR; };
		0AD7F29820A034D100592635 /* Unicorn.framework */ = {isa = PBXFileReference; explicitFileType = wrapper.framework; includeInIndex = 0; path = Unicorn.framework; sourceTree = BUILT_PRODUCTS_DIR; };
		0AD7F2A520A034DD00592635 /* Unicorn.framework */ = {isa = PBXFileReference; explicitFileType = wrapper.framework; includeInIndex = 0; path = Unicorn.framework; sourceTree = BUILT_PRODUCTS_DIR; };
		0ADA381020A3F13700EE797D /* Unicorn.podspec */ = {isa = PBXFileReference; lastKnownFileType = text; path = Unicorn.podspec; sourceTree = SOURCE_ROOT; };
		0ADA381120A3F13700EE797D /* LICENSE */ = {isa = PBXFileReference; lastKnownFileType = text; path = LICENSE; sourceTree = SOURCE_ROOT; };
		0ADA381220A3F13700EE797D /* README.md */ = {isa = PBXFileReference; lastKnownFileType = net.daringfireball.markdown; path = README.md; sourceTree = SOURCE_ROOT; };
		0ADA381320A3F2FC00EE797D /* .travis.yml */ = {isa = PBXFileReference; lastKnownFileType = text; path = .travis.yml; sourceTree = SOURCE_ROOT; };
		0AFC97AB2023F35400D6506E /* UniDB.h */ = {isa = PBXFileReference; fileEncoding = 4; lastKnownFileType = sourcecode.c.h; path = UniDB.h; sourceTree = "<group>"; };
		0AFC97AC2023F35400D6506E /* UniDB.m */ = {isa = PBXFileReference; fileEncoding = 4; lastKnownFileType = sourcecode.c.objc; path = UniDB.m; sourceTree = "<group>"; };
		C9DDA3A92269C90A004BB735 /* Unicorn macOS Example.app */ = {isa = PBXFileReference; explicitFileType = wrapper.application; includeInIndex = 0; path = "Unicorn macOS Example.app"; sourceTree = BUILT_PRODUCTS_DIR; };
		C9DDA3AB2269C90A004BB735 /* AppDelegate.swift */ = {isa = PBXFileReference; lastKnownFileType = sourcecode.swift; path = AppDelegate.swift; sourceTree = "<group>"; };
		C9DDA3AD2269C90A004BB735 /* ViewController.swift */ = {isa = PBXFileReference; lastKnownFileType = sourcecode.swift; path = ViewController.swift; sourceTree = "<group>"; };
		C9DDA3AF2269C90B004BB735 /* Assets.xcassets */ = {isa = PBXFileReference; lastKnownFileType = folder.assetcatalog; path = Assets.xcassets; sourceTree = "<group>"; };
		C9DDA3B22269C90B004BB735 /* Base */ = {isa = PBXFileReference; lastKnownFileType = file.storyboard; name = Base; path = Base.lproj/Main.storyboard; sourceTree = "<group>"; };
		C9DDA3B42269C90B004BB735 /* Info.plist */ = {isa = PBXFileReference; lastKnownFileType = text.plist.xml; path = Info.plist; sourceTree = "<group>"; };
		C9DDA3B52269C90B004BB735 /* Unicorn_macOS_Example.entitlements */ = {isa = PBXFileReference; lastKnownFileType = text.plist.entitlements; path = Unicorn_macOS_Example.entitlements; sourceTree = "<group>"; };
/* End PBXFileReference section */

/* Begin PBXFrameworksBuildPhase section */
		0A473BEA20A1BFF80052412B /* Frameworks */ = {
			isa = PBXFrameworksBuildPhase;
			buildActionMask = 2147483647;
			files = (
				0AFC31F620E4B45F0055D7FC /* Unicorn.framework in Frameworks */,
			);
			runOnlyForDeploymentPostprocessing = 0;
		};
		0A7655B52022EF1B0061FEC8 /* Frameworks */ = {
			isa = PBXFrameworksBuildPhase;
			buildActionMask = 2147483647;
			files = (
			);
			runOnlyForDeploymentPostprocessing = 0;
		};
		0AD7F28620A034A000592635 /* Frameworks */ = {
			isa = PBXFrameworksBuildPhase;
			buildActionMask = 2147483647;
			files = (
			);
			runOnlyForDeploymentPostprocessing = 0;
		};
		0AD7F29420A034D100592635 /* Frameworks */ = {
			isa = PBXFrameworksBuildPhase;
			buildActionMask = 2147483647;
			files = (
			);
			runOnlyForDeploymentPostprocessing = 0;
		};
		0AD7F2A120A034DD00592635 /* Frameworks */ = {
			isa = PBXFrameworksBuildPhase;
			buildActionMask = 2147483647;
			files = (
			);
			runOnlyForDeploymentPostprocessing = 0;
		};
		C9DDA3A62269C90A004BB735 /* Frameworks */ = {
			isa = PBXFrameworksBuildPhase;
			buildActionMask = 2147483647;
			files = (
				C9DDA3B92269CAB1004BB735 /* Unicorn.framework in Frameworks */,
			);
			runOnlyForDeploymentPostprocessing = 0;
		};
/* End PBXFrameworksBuildPhase section */

/* Begin PBXGroup section */
		0A473BDF20A1BA790052412B /* Classes */ = {
			isa = PBXGroup;
			children = (
				0A473BE320A1BACB0052412B /* Article.h */,
				0A668D9620A30DFA009F29B8 /* article.json */,
				0A473BE420A1BACB0052412B /* Article.m */,
				0A668DC720A326EA009F29B8 /* Benchmark.h */,
				0A473BE120A1BACB0052412B /* Comment.h */,
				0A473BE020A1BACB0052412B /* Comment.m */,
				0A473BE520A1BACB0052412B /* User.h */,
				0A473BE220A1BACB0052412B /* User.m */,
			);
			path = Classes;
			sourceTree = "<group>";
		};
		0A473BEE20A1BFF80052412B /* Unicorn Example iOS */ = {
			isa = PBXGroup;
			children = (
				0A473BEF20A1BFF80052412B /* AppDelegate.h */,
				0A473BF020A1BFF80052412B /* AppDelegate.m */,
				0A473BF220A1BFF80052412B /* ViewController.h */,
				0A473BF320A1BFF80052412B /* ViewController.m */,
				0A473BF520A1BFF80052412B /* Main.storyboard */,
				0A473BF820A1BFF90052412B /* Assets.xcassets */,
				0A473BFA20A1BFF90052412B /* LaunchScreen.storyboard */,
				0A473BFD20A1BFF90052412B /* Info.plist */,
				0A473BFE20A1BFF90052412B /* main.m */,
			);
			path = "Unicorn Example iOS";
			sourceTree = "<group>";
		};
		0A668D9B20A3265F009F29B8 /* Unicorn Example watchOS */ = {
			isa = PBXGroup;
			children = (
				0A668D9C20A3265F009F29B8 /* Interface.storyboard */,
				0A668D9F20A32661009F29B8 /* Assets.xcassets */,
				0A668DA120A32661009F29B8 /* Info.plist */,
			);
			path = "Unicorn Example watchOS";
			sourceTree = "<group>";
		};
		0A668DAA20A32661009F29B8 /* Unicorn Example watchOS Extension */ = {
			isa = PBXGroup;
			children = (
				0A668DAB20A32661009F29B8 /* InterfaceController.h */,
				0A668DAC20A32661009F29B8 /* InterfaceController.m */,
				0A668DAE20A32661009F29B8 /* ExtensionDelegate.h */,
				0A668DAF20A32661009F29B8 /* ExtensionDelegate.m */,
				0A668DB120A32661009F29B8 /* NotificationController.h */,
				0A668DB220A32661009F29B8 /* NotificationController.m */,
				0A668DB420A32661009F29B8 /* Assets.xcassets */,
				0A668DB620A32661009F29B8 /* Info.plist */,
				0A668DB720A32661009F29B8 /* PushNotificationPayload.apns */,
			);
			path = "Unicorn Example watchOS Extension";
			sourceTree = "<group>";
		};
		0A7655AF2022EF1B0061FEC8 = {
			isa = PBXGroup;
			children = (
				0A473BDF20A1BA790052412B /* Classes */,
				0A7655BB2022EF1B0061FEC8 /* Unicorn */,
				0A473BEE20A1BFF80052412B /* Unicorn Example iOS */,
				0A668D9B20A3265F009F29B8 /* Unicorn Example watchOS */,
				0A668DAA20A32661009F29B8 /* Unicorn Example watchOS Extension */,
				C9DDA3AA2269C90A004BB735 /* Unicorn macOS Example */,
				0A7655BA2022EF1B0061FEC8 /* Products */,
			);
			sourceTree = "<group>";
		};
		0A7655BA2022EF1B0061FEC8 /* Products */ = {
			isa = PBXGroup;
			children = (
				0A7655B92022EF1B0061FEC8 /* Unicorn.framework */,
				0AD7F28A20A034A000592635 /* Unicorn.framework */,
				0AD7F29820A034D100592635 /* Unicorn.framework */,
				0AD7F2A520A034DD00592635 /* Unicorn.framework */,
				0A473BED20A1BFF80052412B /* Unicorn Example iOS.app */,
				C9DDA3A92269C90A004BB735 /* Unicorn macOS Example.app */,
			);
			name = Products;
			sourceTree = "<group>";
		};
		0A7655BB2022EF1B0061FEC8 /* Unicorn */ = {
			isa = PBXGroup;
			children = (
				0ADA381320A3F2FC00EE797D /* .travis.yml */,
				0A7655BD2022EF1B0061FEC8 /* Info.plist */,
				0ADA381120A3F13700EE797D /* LICENSE */,
				0A8CECA52040F3820007FAA8 /* NSObject+Uni.h */,
				0A8CECA62040F3820007FAA8 /* NSObject+Uni.m */,
				0ADA381220A3F13700EE797D /* README.md */,
				0A7655D92022EF5B0061FEC8 /* UniClass.h */,
				0A7655DA2022EF5B0061FEC8 /* UniClass.m */,
				0AD7F284209FF7B200592635 /* UniCompat.h */,
				0A7655BC2022EF1B0061FEC8 /* Unicorn.h */,
				0ADA381020A3F13700EE797D /* Unicorn.podspec */,
				0AFC97AB2023F35400D6506E /* UniDB.h */,
				0AFC97AC2023F35400D6506E /* UniDB.m */,
				0A2A5B9D2146417900B6B32A /* UniTransformer.h */,
				0A2A5B9E2146417900B6B32A /* UniTransformer.m */,
			);
			path = Unicorn;
			sourceTree = "<group>";
		};
		C9DDA3AA2269C90A004BB735 /* Unicorn macOS Example */ = {
			isa = PBXGroup;
			children = (
				C9DDA3AB2269C90A004BB735 /* AppDelegate.swift */,
				C9DDA3AD2269C90A004BB735 /* ViewController.swift */,
				C9DDA3AF2269C90B004BB735 /* Assets.xcassets */,
				C9DDA3B12269C90B004BB735 /* Main.storyboard */,
				C9DDA3B42269C90B004BB735 /* Info.plist */,
				C9DDA3B52269C90B004BB735 /* Unicorn_macOS_Example.entitlements */,
			);
			path = "Unicorn macOS Example";
			sourceTree = "<group>";
		};
/* End PBXGroup section */

/* Begin PBXHeadersBuildPhase section */
		0A7655B62022EF1B0061FEC8 /* Headers */ = {
			isa = PBXHeadersBuildPhase;
			buildActionMask = 2147483647;
			files = (
				0A7655CA2022EF1B0061FEC8 /* Unicorn.h in Headers */,
				0A8CECA72040F3820007FAA8 /* NSObject+Uni.h in Headers */,
				0AFC97AD2023F35400D6506E /* UniDB.h in Headers */,
				0A2A5B9F2146417900B6B32A /* UniTransformer.h in Headers */,
				0AD7F2B620A0358700592635 /* UniCompat.h in Headers */,
				0A7655DB2022EF5B0061FEC8 /* UniClass.h in Headers */,
			);
			runOnlyForDeploymentPostprocessing = 0;
		};
		0AD7F28720A034A000592635 /* Headers */ = {
			isa = PBXHeadersBuildPhase;
			buildActionMask = 2147483647;
			files = (
				0AD7F2B020A0357E00592635 /* UniClass.h in Headers */,
				0AD7F2BD20A0359600592635 /* UniDB.h in Headers */,
				0AD7F2BA20A0358E00592635 /* Unicorn.h in Headers */,
				0A2A5BA02146417900B6B32A /* UniTransformer.h in Headers */,
				0AD7F2B720A0358700592635 /* UniCompat.h in Headers */,
				0AD7F2AE20A0357000592635 /* NSObject+Uni.h in Headers */,
			);
			runOnlyForDeploymentPostprocessing = 0;
		};
		0AD7F29520A034D100592635 /* Headers */ = {
			isa = PBXHeadersBuildPhase;
			buildActionMask = 2147483647;
			files = (
				0AD7F2B120A0357E00592635 /* UniClass.h in Headers */,
				0AD7F2BE20A0359600592635 /* UniDB.h in Headers */,
				0AD7F2BB20A0358F00592635 /* Unicorn.h in Headers */,
				0A2A5BA12146417900B6B32A /* UniTransformer.h in Headers */,
				0AD7F2B820A0358800592635 /* UniCompat.h in Headers */,
				0AD7F2AD20A0356F00592635 /* NSObject+Uni.h in Headers */,
			);
			runOnlyForDeploymentPostprocessing = 0;
		};
		0AD7F2A220A034DD00592635 /* Headers */ = {
			isa = PBXHeadersBuildPhase;
			buildActionMask = 2147483647;
			files = (
				0AD7F2B220A0357F00592635 /* UniClass.h in Headers */,
				0AD7F2BF20A0359700592635 /* UniDB.h in Headers */,
				0AD7F2BC20A0358F00592635 /* Unicorn.h in Headers */,
				0A2A5BA22146417900B6B32A /* UniTransformer.h in Headers */,
				0AD7F2B920A0358800592635 /* UniCompat.h in Headers */,
				0AD7F2AF20A0357000592635 /* NSObject+Uni.h in Headers */,
			);
			runOnlyForDeploymentPostprocessing = 0;
		};
/* End PBXHeadersBuildPhase section */

/* Begin PBXNativeTarget section */
		0A473BEC20A1BFF80052412B /* Unicorn Example iOS */ = {
			isa = PBXNativeTarget;
			buildConfigurationList = 0A473C0020A1BFF90052412B /* Build configuration list for PBXNativeTarget "Unicorn Example iOS" */;
			buildPhases = (
				0A473BE920A1BFF80052412B /* Sources */,
				0A473BEA20A1BFF80052412B /* Frameworks */,
				0A473BEB20A1BFF80052412B /* Resources */,
				0A668DC220A32661009F29B8 /* Embed Watch Content */,
				0AFC31FA20E4B45F0055D7FC /* Embed Frameworks */,
			);
			buildRules = (
			);
			dependencies = (
				0AFC31F920E4B45F0055D7FC /* PBXTargetDependency */,
			);
			name = "Unicorn Example iOS";
			productName = "Unicorn Example iOS";
			productReference = 0A473BED20A1BFF80052412B /* Unicorn Example iOS.app */;
			productType = "com.apple.product-type.application";
		};
		0A7655B82022EF1B0061FEC8 /* Unicorn iOS */ = {
			isa = PBXNativeTarget;
			buildConfigurationList = 0A7655CD2022EF1B0061FEC8 /* Build configuration list for PBXNativeTarget "Unicorn iOS" */;
			buildPhases = (
				0A7655B42022EF1B0061FEC8 /* Sources */,
				0A7655B52022EF1B0061FEC8 /* Frameworks */,
				0A7655B62022EF1B0061FEC8 /* Headers */,
				0A7655B72022EF1B0061FEC8 /* Resources */,
			);
			buildRules = (
			);
			dependencies = (
			);
			name = "Unicorn iOS";
			productName = Unicorn;
			productReference = 0A7655B92022EF1B0061FEC8 /* Unicorn.framework */;
			productType = "com.apple.product-type.framework";
		};
		0AD7F28920A034A000592635 /* Unicorn watchOS */ = {
			isa = PBXNativeTarget;
			buildConfigurationList = 0AD7F28F20A034A000592635 /* Build configuration list for PBXNativeTarget "Unicorn watchOS" */;
			buildPhases = (
				0AD7F28520A034A000592635 /* Sources */,
				0AD7F28620A034A000592635 /* Frameworks */,
				0AD7F28720A034A000592635 /* Headers */,
				0AD7F28820A034A000592635 /* Resources */,
			);
			buildRules = (
			);
			dependencies = (
			);
			name = "Unicorn watchOS";
			productName = "Unicorn watchOS";
			productReference = 0AD7F28A20A034A000592635 /* Unicorn.framework */;
			productType = "com.apple.product-type.framework";
		};
		0AD7F29720A034D100592635 /* Unicorn tvOS */ = {
			isa = PBXNativeTarget;
			buildConfigurationList = 0AD7F29D20A034D100592635 /* Build configuration list for PBXNativeTarget "Unicorn tvOS" */;
			buildPhases = (
				0AD7F29320A034D100592635 /* Sources */,
				0AD7F29420A034D100592635 /* Frameworks */,
				0AD7F29520A034D100592635 /* Headers */,
				0AD7F29620A034D100592635 /* Resources */,
			);
			buildRules = (
			);
			dependencies = (
			);
			name = "Unicorn tvOS";
			productName = "Unicorn tvOS";
			productReference = 0AD7F29820A034D100592635 /* Unicorn.framework */;
			productType = "com.apple.product-type.framework";
		};
		0AD7F2A420A034DD00592635 /* Unicorn macOS */ = {
			isa = PBXNativeTarget;
			buildConfigurationList = 0AD7F2AA20A034DD00592635 /* Build configuration list for PBXNativeTarget "Unicorn macOS" */;
			buildPhases = (
				0AD7F2A020A034DD00592635 /* Sources */,
				0AD7F2A120A034DD00592635 /* Frameworks */,
				0AD7F2A220A034DD00592635 /* Headers */,
				0AD7F2A320A034DD00592635 /* Resources */,
			);
			buildRules = (
			);
			dependencies = (
			);
			name = "Unicorn macOS";
			productName = "Unicorn macOS";
			productReference = 0AD7F2A520A034DD00592635 /* Unicorn.framework */;
			productType = "com.apple.product-type.framework";
		};
		C9DDA3A82269C90A004BB735 /* Unicorn macOS Example */ = {
			isa = PBXNativeTarget;
			buildConfigurationList = C9DDA3B62269C90B004BB735 /* Build configuration list for PBXNativeTarget "Unicorn macOS Example" */;
			buildPhases = (
				C9DDA3A52269C90A004BB735 /* Sources */,
				C9DDA3A62269C90A004BB735 /* Frameworks */,
				C9DDA3A72269C90A004BB735 /* Resources */,
				C9DDA3BD2269CAB1004BB735 /* Embed Frameworks */,
			);
			buildRules = (
			);
			dependencies = (
				C9DDA3BC2269CAB1004BB735 /* PBXTargetDependency */,
			);
			name = "Unicorn macOS Example";
			productName = "Unicorn macOS Example";
			productReference = C9DDA3A92269C90A004BB735 /* Unicorn macOS Example.app */;
			productType = "com.apple.product-type.application";
		};
/* End PBXNativeTarget section */

/* Begin PBXProject section */
		0A7655B02022EF1B0061FEC8 /* Project object */ = {
			isa = PBXProject;
			attributes = {
				LastSwiftUpdateCheck = 1020;
				LastUpgradeCheck = 0940;
				ORGANIZATIONNAME = emsihyo;
				TargetAttributes = {
					0A473BEC20A1BFF80052412B = {
						CreatedOnToolsVersion = 9.3;
						ProvisioningStyle = Automatic;
					};
					0A7655B82022EF1B0061FEC8 = {
						CreatedOnToolsVersion = 9.2;
						ProvisioningStyle = Manual;
					};
					0AD7F28920A034A000592635 = {
						CreatedOnToolsVersion = 9.3;
						ProvisioningStyle = Manual;
					};
					0AD7F29720A034D100592635 = {
						CreatedOnToolsVersion = 9.3;
						ProvisioningStyle = Manual;
					};
					0AD7F2A420A034DD00592635 = {
						CreatedOnToolsVersion = 9.3;
						ProvisioningStyle = Manual;
					};
					C9DDA3A82269C90A004BB735 = {
						CreatedOnToolsVersion = 10.2.1;
						ProvisioningStyle = Automatic;
					};
				};
			};
			buildConfigurationList = 0A7655B32022EF1B0061FEC8 /* Build configuration list for PBXProject "Unicorn" */;
			compatibilityVersion = "Xcode 8.0";
			developmentRegion = en;
			hasScannedForEncodings = 0;
			knownRegions = (
				en,
				Base,
			);
			mainGroup = 0A7655AF2022EF1B0061FEC8;
			productRefGroup = 0A7655BA2022EF1B0061FEC8 /* Products */;
			projectDirPath = "";
			projectRoot = "";
			targets = (
				0A7655B82022EF1B0061FEC8 /* Unicorn iOS */,
				0AD7F28920A034A000592635 /* Unicorn watchOS */,
				0AD7F29720A034D100592635 /* Unicorn tvOS */,
				0AD7F2A420A034DD00592635 /* Unicorn macOS */,
				0A473BEC20A1BFF80052412B /* Unicorn Example iOS */,
				C9DDA3A82269C90A004BB735 /* Unicorn macOS Example */,
			);
		};
/* End PBXProject section */

/* Begin PBXResourcesBuildPhase section */
		0A473BEB20A1BFF80052412B /* Resources */ = {
			isa = PBXResourcesBuildPhase;
			buildActionMask = 2147483647;
			files = (
				0A668D9720A30FB7009F29B8 /* article.json in Resources */,
				0A473BFC20A1BFF90052412B /* LaunchScreen.storyboard in Resources */,
				0A473BF920A1BFF90052412B /* Assets.xcassets in Resources */,
				0A473BF720A1BFF80052412B /* Main.storyboard in Resources */,
			);
			runOnlyForDeploymentPostprocessing = 0;
		};
		0A7655B72022EF1B0061FEC8 /* Resources */ = {
			isa = PBXResourcesBuildPhase;
			buildActionMask = 2147483647;
			files = (
			);
			runOnlyForDeploymentPostprocessing = 0;
		};
		0AD7F28820A034A000592635 /* Resources */ = {
			isa = PBXResourcesBuildPhase;
			buildActionMask = 2147483647;
			files = (
			);
			runOnlyForDeploymentPostprocessing = 0;
		};
		0AD7F29620A034D100592635 /* Resources */ = {
			isa = PBXResourcesBuildPhase;
			buildActionMask = 2147483647;
			files = (
			);
			runOnlyForDeploymentPostprocessing = 0;
		};
		0AD7F2A320A034DD00592635 /* Resources */ = {
			isa = PBXResourcesBuildPhase;
			buildActionMask = 2147483647;
			files = (
			);
			runOnlyForDeploymentPostprocessing = 0;
		};
		C9DDA3A72269C90A004BB735 /* Resources */ = {
			isa = PBXResourcesBuildPhase;
			buildActionMask = 2147483647;
			files = (
				C9DDA3B02269C90B004BB735 /* Assets.xcassets in Resources */,
				C9DDA3B32269C90B004BB735 /* Main.storyboard in Resources */,
			);
			runOnlyForDeploymentPostprocessing = 0;
		};
/* End PBXResourcesBuildPhase section */

/* Begin PBXSourcesBuildPhase section */
		0A473BE920A1BFF80052412B /* Sources */ = {
			isa = PBXSourcesBuildPhase;
			buildActionMask = 2147483647;
			files = (
				0A473C0820A1C0250052412B /* Article.m in Sources */,
				0A473BF420A1BFF80052412B /* ViewController.m in Sources */,
				0A473C0A20A1C02B0052412B /* User.m in Sources */,
				0A473BFF20A1BFF90052412B /* main.m in Sources */,
				0A473C0920A1C0280052412B /* Comment.m in Sources */,
				0A473BF120A1BFF80052412B /* AppDelegate.m in Sources */,
			);
			runOnlyForDeploymentPostprocessing = 0;
		};
		0A7655B42022EF1B0061FEC8 /* Sources */ = {
			isa = PBXSourcesBuildPhase;
			buildActionMask = 2147483647;
			files = (
				0AFC97AE2023F35400D6506E /* UniDB.m in Sources */,
				0A7655DC2022EF5B0061FEC8 /* UniClass.m in Sources */,
				0A2A5BA32146417900B6B32A /* UniTransformer.m in Sources */,
				0A8CECA82040F3820007FAA8 /* NSObject+Uni.m in Sources */,
			);
			runOnlyForDeploymentPostprocessing = 0;
		};
		0AD7F28520A034A000592635 /* Sources */ = {
			isa = PBXSourcesBuildPhase;
			buildActionMask = 2147483647;
			files = (
				0AD7F2C020A0359C00592635 /* UniDB.m in Sources */,
				0AD7F2B320A0358300592635 /* UniClass.m in Sources */,
				0A2A5BA42146417900B6B32A /* UniTransformer.m in Sources */,
				0AD7F2C320A035AA00592635 /* NSObject+Uni.m in Sources */,
			);
			runOnlyForDeploymentPostprocessing = 0;
		};
		0AD7F29320A034D100592635 /* Sources */ = {
			isa = PBXSourcesBuildPhase;
			buildActionMask = 2147483647;
			files = (
				0AD7F2C120A0359C00592635 /* UniDB.m in Sources */,
				0AD7F2B420A0358400592635 /* UniClass.m in Sources */,
				0A2A5BA52146417900B6B32A /* UniTransformer.m in Sources */,
				0AD7F2C420A035AB00592635 /* NSObject+Uni.m in Sources */,
			);
			runOnlyForDeploymentPostprocessing = 0;
		};
		0AD7F2A020A034DD00592635 /* Sources */ = {
			isa = PBXSourcesBuildPhase;
			buildActionMask = 2147483647;
			files = (
				0AD7F2C220A0359D00592635 /* UniDB.m in Sources */,
				0AD7F2B520A0358400592635 /* UniClass.m in Sources */,
				0A2A5BA62146417900B6B32A /* UniTransformer.m in Sources */,
				0AD7F2C520A035AB00592635 /* NSObject+Uni.m in Sources */,
			);
			runOnlyForDeploymentPostprocessing = 0;
		};
		C9DDA3A52269C90A004BB735 /* Sources */ = {
			isa = PBXSourcesBuildPhase;
			buildActionMask = 2147483647;
			files = (
				C9DDA3AE2269C90A004BB735 /* ViewController.swift in Sources */,
				C9DDA3AC2269C90A004BB735 /* AppDelegate.swift in Sources */,
			);
			runOnlyForDeploymentPostprocessing = 0;
		};
/* End PBXSourcesBuildPhase section */

/* Begin PBXTargetDependency section */
		0AFC31F920E4B45F0055D7FC /* PBXTargetDependency */ = {
			isa = PBXTargetDependency;
			target = 0A7655B82022EF1B0061FEC8 /* Unicorn iOS */;
			targetProxy = 0AFC31F820E4B45F0055D7FC /* PBXContainerItemProxy */;
		};
		C9DDA3BC2269CAB1004BB735 /* PBXTargetDependency */ = {
			isa = PBXTargetDependency;
			target = 0AD7F2A420A034DD00592635 /* Unicorn macOS */;
			targetProxy = C9DDA3BB2269CAB1004BB735 /* PBXContainerItemProxy */;
		};
/* End PBXTargetDependency section */

/* Begin PBXVariantGroup section */
		0A473BF520A1BFF80052412B /* Main.storyboard */ = {
			isa = PBXVariantGroup;
			children = (
				0A473BF620A1BFF80052412B /* Base */,
			);
			name = Main.storyboard;
			sourceTree = "<group>";
		};
		0A473BFA20A1BFF90052412B /* LaunchScreen.storyboard */ = {
			isa = PBXVariantGroup;
			children = (
				0A473BFB20A1BFF90052412B /* Base */,
			);
			name = LaunchScreen.storyboard;
			sourceTree = "<group>";
		};
		0A668D9C20A3265F009F29B8 /* Interface.storyboard */ = {
			isa = PBXVariantGroup;
			children = (
				0A668D9D20A3265F009F29B8 /* Base */,
			);
			name = Interface.storyboard;
			sourceTree = "<group>";
		};
		C9DDA3B12269C90B004BB735 /* Main.storyboard */ = {
			isa = PBXVariantGroup;
			children = (
				C9DDA3B22269C90B004BB735 /* Base */,
			);
			name = Main.storyboard;
			sourceTree = "<group>";
		};
/* End PBXVariantGroup section */

/* Begin XCBuildConfiguration section */
		0A473C0120A1BFF90052412B /* Debug */ = {
			isa = XCBuildConfiguration;
			buildSettings = {
				ASSETCATALOG_COMPILER_APPICON_NAME = AppIcon;
				CLANG_ENABLE_OBJC_WEAK = YES;
				CODE_SIGN_IDENTITY = "iPhone Developer";
				CODE_SIGN_STYLE = Automatic;
				DEVELOPMENT_TEAM = N4WZ33Z6KM;
				INFOPLIST_FILE = "Unicorn Example iOS/Info.plist";
				IPHONEOS_DEPLOYMENT_TARGET = 11.4;
				LD_RUNPATH_SEARCH_PATHS = "$(inherited) @executable_path/Frameworks";
				PRODUCT_BUNDLE_IDENTIFIER = "com.emsihyo.Unicorn-Example-iOS";
				PRODUCT_NAME = "$(TARGET_NAME)";
				PROVISIONING_PROFILE_SPECIFIER = "";
				TARGETED_DEVICE_FAMILY = "1,2";
			};
			name = Debug;
		};
		0A473C0220A1BFF90052412B /* Release */ = {
			isa = XCBuildConfiguration;
			buildSettings = {
				ASSETCATALOG_COMPILER_APPICON_NAME = AppIcon;
				CLANG_ENABLE_OBJC_WEAK = YES;
				CODE_SIGN_IDENTITY = "iPhone Developer";
				CODE_SIGN_STYLE = Automatic;
				DEVELOPMENT_TEAM = N4WZ33Z6KM;
				INFOPLIST_FILE = "Unicorn Example iOS/Info.plist";
				IPHONEOS_DEPLOYMENT_TARGET = 11.4;
				LD_RUNPATH_SEARCH_PATHS = "$(inherited) @executable_path/Frameworks";
				PRODUCT_BUNDLE_IDENTIFIER = "com.emsihyo.Unicorn-Example-iOS";
				PRODUCT_NAME = "$(TARGET_NAME)";
				PROVISIONING_PROFILE_SPECIFIER = "";
				TARGETED_DEVICE_FAMILY = "1,2";
			};
			name = Release;
		};
		0A7655CB2022EF1B0061FEC8 /* Debug */ = {
			isa = XCBuildConfiguration;
			buildSettings = {
				ALWAYS_SEARCH_USER_PATHS = NO;
				CLANG_ANALYZER_NONNULL = YES;
				CLANG_ANALYZER_NUMBER_OBJECT_CONVERSION = YES_AGGRESSIVE;
				CLANG_CXX_LANGUAGE_STANDARD = "gnu++14";
				CLANG_CXX_LIBRARY = "libc++";
				CLANG_ENABLE_MODULES = YES;
				CLANG_ENABLE_OBJC_ARC = YES;
				CLANG_WARN_BLOCK_CAPTURE_AUTORELEASING = YES;
				CLANG_WARN_BOOL_CONVERSION = YES;
				CLANG_WARN_COMMA = YES;
				CLANG_WARN_CONSTANT_CONVERSION = YES;
				CLANG_WARN_DEPRECATED_OBJC_IMPLEMENTATIONS = YES;
				CLANG_WARN_DIRECT_OBJC_ISA_USAGE = YES_ERROR;
				CLANG_WARN_DOCUMENTATION_COMMENTS = YES;
				CLANG_WARN_EMPTY_BODY = YES;
				CLANG_WARN_ENUM_CONVERSION = YES;
				CLANG_WARN_INFINITE_RECURSION = YES;
				CLANG_WARN_INT_CONVERSION = YES;
				CLANG_WARN_NON_LITERAL_NULL_CONVERSION = YES;
				CLANG_WARN_OBJC_IMPLICIT_RETAIN_SELF = YES;
				CLANG_WARN_OBJC_LITERAL_CONVERSION = YES;
				CLANG_WARN_OBJC_ROOT_CLASS = YES_ERROR;
				CLANG_WARN_RANGE_LOOP_ANALYSIS = YES;
				CLANG_WARN_STRICT_PROTOTYPES = YES;
				CLANG_WARN_SUSPICIOUS_MOVE = YES;
				CLANG_WARN_UNGUARDED_AVAILABILITY = YES_AGGRESSIVE;
				CLANG_WARN_UNREACHABLE_CODE = YES;
				CLANG_WARN__DUPLICATE_METHOD_MATCH = YES;
				CODE_SIGN_IDENTITY = "iPhone Developer";
				COPY_PHASE_STRIP = NO;
				CURRENT_PROJECT_VERSION = 1;
				DEBUG_INFORMATION_FORMAT = dwarf;
				ENABLE_STRICT_OBJC_MSGSEND = YES;
				ENABLE_TESTABILITY = YES;
				GCC_C_LANGUAGE_STANDARD = gnu11;
				GCC_DYNAMIC_NO_PIC = NO;
				GCC_NO_COMMON_BLOCKS = YES;
				GCC_OPTIMIZATION_LEVEL = 0;
				GCC_PREPROCESSOR_DEFINITIONS = (
					"DEBUG=1",
					"$(inherited)",
				);
				GCC_WARN_64_TO_32_BIT_CONVERSION = YES;
				GCC_WARN_ABOUT_RETURN_TYPE = YES_ERROR;
				GCC_WARN_UNDECLARED_SELECTOR = YES;
				GCC_WARN_UNINITIALIZED_AUTOS = YES_AGGRESSIVE;
				GCC_WARN_UNUSED_FUNCTION = YES;
				GCC_WARN_UNUSED_VARIABLE = YES;
				IPHONEOS_DEPLOYMENT_TARGET = 11.3;
				MTL_ENABLE_DEBUG_INFO = YES;
				ONLY_ACTIVE_ARCH = YES;
				SDKROOT = iphoneos;
				VERSIONING_SYSTEM = "apple-generic";
				VERSION_INFO_PREFIX = "";
			};
			name = Debug;
		};
		0A7655CC2022EF1B0061FEC8 /* Release */ = {
			isa = XCBuildConfiguration;
			buildSettings = {
				ALWAYS_SEARCH_USER_PATHS = NO;
				CLANG_ANALYZER_NONNULL = YES;
				CLANG_ANALYZER_NUMBER_OBJECT_CONVERSION = YES_AGGRESSIVE;
				CLANG_CXX_LANGUAGE_STANDARD = "gnu++14";
				CLANG_CXX_LIBRARY = "libc++";
				CLANG_ENABLE_MODULES = YES;
				CLANG_ENABLE_OBJC_ARC = YES;
				CLANG_WARN_BLOCK_CAPTURE_AUTORELEASING = YES;
				CLANG_WARN_BOOL_CONVERSION = YES;
				CLANG_WARN_COMMA = YES;
				CLANG_WARN_CONSTANT_CONVERSION = YES;
				CLANG_WARN_DEPRECATED_OBJC_IMPLEMENTATIONS = YES;
				CLANG_WARN_DIRECT_OBJC_ISA_USAGE = YES_ERROR;
				CLANG_WARN_DOCUMENTATION_COMMENTS = YES;
				CLANG_WARN_EMPTY_BODY = YES;
				CLANG_WARN_ENUM_CONVERSION = YES;
				CLANG_WARN_INFINITE_RECURSION = YES;
				CLANG_WARN_INT_CONVERSION = YES;
				CLANG_WARN_NON_LITERAL_NULL_CONVERSION = YES;
				CLANG_WARN_OBJC_IMPLICIT_RETAIN_SELF = YES;
				CLANG_WARN_OBJC_LITERAL_CONVERSION = YES;
				CLANG_WARN_OBJC_ROOT_CLASS = YES_ERROR;
				CLANG_WARN_RANGE_LOOP_ANALYSIS = YES;
				CLANG_WARN_STRICT_PROTOTYPES = YES;
				CLANG_WARN_SUSPICIOUS_MOVE = YES;
				CLANG_WARN_UNGUARDED_AVAILABILITY = YES_AGGRESSIVE;
				CLANG_WARN_UNREACHABLE_CODE = YES;
				CLANG_WARN__DUPLICATE_METHOD_MATCH = YES;
				CODE_SIGN_IDENTITY = "iPhone Developer";
				COPY_PHASE_STRIP = NO;
				CURRENT_PROJECT_VERSION = 1;
				DEBUG_INFORMATION_FORMAT = "dwarf-with-dsym";
				ENABLE_NS_ASSERTIONS = NO;
				ENABLE_STRICT_OBJC_MSGSEND = YES;
				GCC_C_LANGUAGE_STANDARD = gnu11;
				GCC_NO_COMMON_BLOCKS = YES;
				GCC_WARN_64_TO_32_BIT_CONVERSION = YES;
				GCC_WARN_ABOUT_RETURN_TYPE = YES_ERROR;
				GCC_WARN_UNDECLARED_SELECTOR = YES;
				GCC_WARN_UNINITIALIZED_AUTOS = YES_AGGRESSIVE;
				GCC_WARN_UNUSED_FUNCTION = YES;
				GCC_WARN_UNUSED_VARIABLE = YES;
				IPHONEOS_DEPLOYMENT_TARGET = 11.3;
				MTL_ENABLE_DEBUG_INFO = NO;
				SDKROOT = iphoneos;
				VALIDATE_PRODUCT = YES;
				VERSIONING_SYSTEM = "apple-generic";
				VERSION_INFO_PREFIX = "";
			};
			name = Release;
		};
		0A7655CE2022EF1B0061FEC8 /* Debug */ = {
			isa = XCBuildConfiguration;
			buildSettings = {
				CODE_SIGN_IDENTITY = "";
				CODE_SIGN_STYLE = Manual;
				DEFINES_MODULE = YES;
				DEVELOPMENT_TEAM = "";
				DYLIB_COMPATIBILITY_VERSION = 1;
				DYLIB_CURRENT_VERSION = 1;
				DYLIB_INSTALL_NAME_BASE = "@rpath";
				INFOPLIST_FILE = Unicorn/Info.plist;
				INSTALL_PATH = "$(LOCAL_LIBRARY_DIR)/Frameworks";
				IPHONEOS_DEPLOYMENT_TARGET = 8.0;
				LD_RUNPATH_SEARCH_PATHS = "$(inherited) @executable_path/Frameworks @loader_path/Frameworks";
				PRODUCT_BUNDLE_IDENTIFIER = com.emsihyo.Unicorn;
				PRODUCT_NAME = Unicorn;
				PROVISIONING_PROFILE_SPECIFIER = "";
				SKIP_INSTALL = YES;
				TARGETED_DEVICE_FAMILY = "1,2";
			};
			name = Debug;
		};
		0A7655CF2022EF1B0061FEC8 /* Release */ = {
			isa = XCBuildConfiguration;
			buildSettings = {
				CODE_SIGN_IDENTITY = "";
				CODE_SIGN_STYLE = Manual;
				DEFINES_MODULE = YES;
				DEVELOPMENT_TEAM = "";
				DYLIB_COMPATIBILITY_VERSION = 1;
				DYLIB_CURRENT_VERSION = 1;
				DYLIB_INSTALL_NAME_BASE = "@rpath";
				INFOPLIST_FILE = Unicorn/Info.plist;
				INSTALL_PATH = "$(LOCAL_LIBRARY_DIR)/Frameworks";
				IPHONEOS_DEPLOYMENT_TARGET = 8.0;
				LD_RUNPATH_SEARCH_PATHS = "$(inherited) @executable_path/Frameworks @loader_path/Frameworks";
				PRODUCT_BUNDLE_IDENTIFIER = com.emsihyo.Unicorn;
				PRODUCT_NAME = Unicorn;
				PROVISIONING_PROFILE_SPECIFIER = "";
				SKIP_INSTALL = YES;
				TARGETED_DEVICE_FAMILY = "1,2";
			};
			name = Release;
		};
		0AD7F29020A034A000592635 /* Debug */ = {
			isa = XCBuildConfiguration;
			buildSettings = {
				APPLICATION_EXTENSION_API_ONLY = YES;
				CLANG_ENABLE_OBJC_WEAK = YES;
				CODE_SIGN_IDENTITY = "";
				CODE_SIGN_STYLE = Manual;
				DEFINES_MODULE = YES;
				DEVELOPMENT_TEAM = "";
				DYLIB_COMPATIBILITY_VERSION = 1;
				DYLIB_CURRENT_VERSION = 1;
				DYLIB_INSTALL_NAME_BASE = "@rpath";
				INFOPLIST_FILE = "$(SRCROOT)/Unicorn/Info.plist";
				INSTALL_PATH = "$(LOCAL_LIBRARY_DIR)/Frameworks";
				LD_RUNPATH_SEARCH_PATHS = "$(inherited) @executable_path/Frameworks @loader_path/Frameworks";
				PRODUCT_BUNDLE_IDENTIFIER = com.emsihyo.Unicorn;
				PRODUCT_NAME = Unicorn;
				PROVISIONING_PROFILE_SPECIFIER = "";
				SDKROOT = watchos;
				SKIP_INSTALL = YES;
				TARGETED_DEVICE_FAMILY = 4;
				WATCHOS_DEPLOYMENT_TARGET = 2.0;
			};
			name = Debug;
		};
		0AD7F29120A034A000592635 /* Release */ = {
			isa = XCBuildConfiguration;
			buildSettings = {
				APPLICATION_EXTENSION_API_ONLY = YES;
				CLANG_ENABLE_OBJC_WEAK = YES;
				CODE_SIGN_IDENTITY = "";
				CODE_SIGN_STYLE = Manual;
				DEFINES_MODULE = YES;
				DEVELOPMENT_TEAM = "";
				DYLIB_COMPATIBILITY_VERSION = 1;
				DYLIB_CURRENT_VERSION = 1;
				DYLIB_INSTALL_NAME_BASE = "@rpath";
				INFOPLIST_FILE = "$(SRCROOT)/Unicorn/Info.plist";
				INSTALL_PATH = "$(LOCAL_LIBRARY_DIR)/Frameworks";
				LD_RUNPATH_SEARCH_PATHS = "$(inherited) @executable_path/Frameworks @loader_path/Frameworks";
				PRODUCT_BUNDLE_IDENTIFIER = com.emsihyo.Unicorn;
				PRODUCT_NAME = Unicorn;
				PROVISIONING_PROFILE_SPECIFIER = "";
				SDKROOT = watchos;
				SKIP_INSTALL = YES;
				TARGETED_DEVICE_FAMILY = 4;
				WATCHOS_DEPLOYMENT_TARGET = 2.0;
			};
			name = Release;
		};
		0AD7F29E20A034D100592635 /* Debug */ = {
			isa = XCBuildConfiguration;
			buildSettings = {
				CLANG_ENABLE_OBJC_WEAK = YES;
				CODE_SIGN_IDENTITY = "";
				CODE_SIGN_STYLE = Manual;
				DEFINES_MODULE = YES;
				DEVELOPMENT_TEAM = "";
				DYLIB_COMPATIBILITY_VERSION = 1;
				DYLIB_CURRENT_VERSION = 1;
				DYLIB_INSTALL_NAME_BASE = "@rpath";
				INFOPLIST_FILE = "$(SRCROOT)/Unicorn/Info.plist";
				INSTALL_PATH = "$(LOCAL_LIBRARY_DIR)/Frameworks";
				LD_RUNPATH_SEARCH_PATHS = "$(inherited) @executable_path/Frameworks @loader_path/Frameworks";
				PRODUCT_BUNDLE_IDENTIFIER = com.emsihyo.Unicorn;
				PRODUCT_NAME = Unicorn;
				PROVISIONING_PROFILE_SPECIFIER = "";
				SDKROOT = appletvos;
				SKIP_INSTALL = YES;
				TARGETED_DEVICE_FAMILY = 3;
				TVOS_DEPLOYMENT_TARGET = 9.0;
			};
			name = Debug;
		};
		0AD7F29F20A034D100592635 /* Release */ = {
			isa = XCBuildConfiguration;
			buildSettings = {
				CLANG_ENABLE_OBJC_WEAK = YES;
				CODE_SIGN_IDENTITY = "";
				CODE_SIGN_STYLE = Manual;
				DEFINES_MODULE = YES;
				DEVELOPMENT_TEAM = "";
				DYLIB_COMPATIBILITY_VERSION = 1;
				DYLIB_CURRENT_VERSION = 1;
				DYLIB_INSTALL_NAME_BASE = "@rpath";
				INFOPLIST_FILE = "$(SRCROOT)/Unicorn/Info.plist";
				INSTALL_PATH = "$(LOCAL_LIBRARY_DIR)/Frameworks";
				LD_RUNPATH_SEARCH_PATHS = "$(inherited) @executable_path/Frameworks @loader_path/Frameworks";
				PRODUCT_BUNDLE_IDENTIFIER = com.emsihyo.Unicorn;
				PRODUCT_NAME = Unicorn;
				PROVISIONING_PROFILE_SPECIFIER = "";
				SDKROOT = appletvos;
				SKIP_INSTALL = YES;
				TARGETED_DEVICE_FAMILY = 3;
				TVOS_DEPLOYMENT_TARGET = 9.0;
			};
			name = Release;
		};
		0AD7F2AB20A034DD00592635 /* Debug */ = {
			isa = XCBuildConfiguration;
			buildSettings = {
				CLANG_ENABLE_OBJC_WEAK = YES;
				CODE_SIGN_IDENTITY = "Mac Developer";
				CODE_SIGN_STYLE = Manual;
				COMBINE_HIDPI_IMAGES = YES;
				DEFINES_MODULE = YES;
				DEVELOPMENT_TEAM = N4WZ33Z6KM;
				DYLIB_COMPATIBILITY_VERSION = 1;
				DYLIB_CURRENT_VERSION = 1;
				DYLIB_INSTALL_NAME_BASE = "@rpath";
				FRAMEWORK_VERSION = A;
				INFOPLIST_FILE = "$(SRCROOT)/Unicorn/Info.plist";
				INSTALL_PATH = "$(LOCAL_LIBRARY_DIR)/Frameworks";
				LD_RUNPATH_SEARCH_PATHS = "$(inherited) @executable_path/../Frameworks @loader_path/Frameworks";
				MACOSX_DEPLOYMENT_TARGET = 10.10;
				PRODUCT_BUNDLE_IDENTIFIER = com.emsihyo.Unicorn;
				PRODUCT_NAME = Unicorn;
				PROVISIONING_PROFILE_SPECIFIER = "";
				SDKROOT = macosx;
				SKIP_INSTALL = YES;
			};
			name = Debug;
		};
		0AD7F2AC20A034DD00592635 /* Release */ = {
			isa = XCBuildConfiguration;
			buildSettings = {
				CLANG_ENABLE_OBJC_WEAK = YES;
				CODE_SIGN_IDENTITY = "Mac Developer";
				CODE_SIGN_STYLE = Manual;
				COMBINE_HIDPI_IMAGES = YES;
				DEFINES_MODULE = YES;
				DEVELOPMENT_TEAM = N4WZ33Z6KM;
				DYLIB_COMPATIBILITY_VERSION = 1;
				DYLIB_CURRENT_VERSION = 1;
				DYLIB_INSTALL_NAME_BASE = "@rpath";
				FRAMEWORK_VERSION = A;
				INFOPLIST_FILE = "$(SRCROOT)/Unicorn/Info.plist";
				INSTALL_PATH = "$(LOCAL_LIBRARY_DIR)/Frameworks";
				LD_RUNPATH_SEARCH_PATHS = "$(inherited) @executable_path/../Frameworks @loader_path/Frameworks";
				MACOSX_DEPLOYMENT_TARGET = 10.10;
				PRODUCT_BUNDLE_IDENTIFIER = com.emsihyo.Unicorn;
				PRODUCT_NAME = Unicorn;
				PROVISIONING_PROFILE_SPECIFIER = "";
				SDKROOT = macosx;
				SKIP_INSTALL = YES;
			};
			name = Release;
		};
		C9DDA3B72269C90B004BB735 /* Debug */ = {
			isa = XCBuildConfiguration;
			buildSettings = {
				ASSETCATALOG_COMPILER_APPICON_NAME = AppIcon;
				CLANG_ENABLE_OBJC_WEAK = YES;
				CODE_SIGN_ENTITLEMENTS = "Unicorn macOS Example/Unicorn_macOS_Example.entitlements";
				CODE_SIGN_IDENTITY = "Mac Developer";
				CODE_SIGN_STYLE = Automatic;
				COMBINE_HIDPI_IMAGES = YES;
				DEVELOPMENT_TEAM = N4WZ33Z6KM;
				INFOPLIST_FILE = "Unicorn macOS Example/Info.plist";
				LD_RUNPATH_SEARCH_PATHS = "$(inherited) @executable_path/../Frameworks";
				MACOSX_DEPLOYMENT_TARGET = 10.14;
				MTL_ENABLE_DEBUG_INFO = INCLUDE_SOURCE;
				MTL_FAST_MATH = YES;
				PRODUCT_BUNDLE_IDENTIFIER = "com.retriable.Unicorn-macOS-Example";
				PRODUCT_NAME = "$(TARGET_NAME)";
				SDKROOT = macosx;
				SWIFT_ACTIVE_COMPILATION_CONDITIONS = DEBUG;
				SWIFT_OPTIMIZATION_LEVEL = "-Onone";
				SWIFT_VERSION = 5.0;
			};
			name = Debug;
		};
		C9DDA3B82269C90B004BB735 /* Release */ = {
			isa = XCBuildConfiguration;
			buildSettings = {
				ASSETCATALOG_COMPILER_APPICON_NAME = AppIcon;
				CLANG_ENABLE_OBJC_WEAK = YES;
				CODE_SIGN_ENTITLEMENTS = "Unicorn macOS Example/Unicorn_macOS_Example.entitlements";
				CODE_SIGN_IDENTITY = "Mac Developer";
				CODE_SIGN_STYLE = Automatic;
				COMBINE_HIDPI_IMAGES = YES;
				DEVELOPMENT_TEAM = N4WZ33Z6KM;
				INFOPLIST_FILE = "Unicorn macOS Example/Info.plist";
				LD_RUNPATH_SEARCH_PATHS = "$(inherited) @executable_path/../Frameworks";
				MACOSX_DEPLOYMENT_TARGET = 10.14;
				MTL_FAST_MATH = YES;
				PRODUCT_BUNDLE_IDENTIFIER = "com.retriable.Unicorn-macOS-Example";
				PRODUCT_NAME = "$(TARGET_NAME)";
				SDKROOT = macosx;
				SWIFT_OPTIMIZATION_LEVEL = "-Owholemodule";
				SWIFT_VERSION = 5.0;
			};
			name = Release;
		};
/* End XCBuildConfiguration section */

/* Begin XCConfigurationList section */
		0A473C0020A1BFF90052412B /* Build configuration list for PBXNativeTarget "Unicorn Example iOS" */ = {
			isa = XCConfigurationList;
			buildConfigurations = (
				0A473C0120A1BFF90052412B /* Debug */,
				0A473C0220A1BFF90052412B /* Release */,
			);
			defaultConfigurationIsVisible = 0;
			defaultConfigurationName = Release;
		};
		0A7655B32022EF1B0061FEC8 /* Build configuration list for PBXProject "Unicorn" */ = {
			isa = XCConfigurationList;
			buildConfigurations = (
				0A7655CB2022EF1B0061FEC8 /* Debug */,
				0A7655CC2022EF1B0061FEC8 /* Release */,
			);
			defaultConfigurationIsVisible = 0;
			defaultConfigurationName = Release;
		};
		0A7655CD2022EF1B0061FEC8 /* Build configuration list for PBXNativeTarget "Unicorn iOS" */ = {
			isa = XCConfigurationList;
			buildConfigurations = (
				0A7655CE2022EF1B0061FEC8 /* Debug */,
				0A7655CF2022EF1B0061FEC8 /* Release */,
			);
			defaultConfigurationIsVisible = 0;
			defaultConfigurationName = Release;
		};
		0AD7F28F20A034A000592635 /* Build configuration list for PBXNativeTarget "Unicorn watchOS" */ = {
			isa = XCConfigurationList;
			buildConfigurations = (
				0AD7F29020A034A000592635 /* Debug */,
				0AD7F29120A034A000592635 /* Release */,
			);
			defaultConfigurationIsVisible = 0;
			defaultConfigurationName = Release;
		};
		0AD7F29D20A034D100592635 /* Build configuration list for PBXNativeTarget "Unicorn tvOS" */ = {
			isa = XCConfigurationList;
			buildConfigurations = (
				0AD7F29E20A034D100592635 /* Debug */,
				0AD7F29F20A034D100592635 /* Release */,
			);
			defaultConfigurationIsVisible = 0;
			defaultConfigurationName = Release;
		};
		0AD7F2AA20A034DD00592635 /* Build configuration list for PBXNativeTarget "Unicorn macOS" */ = {
			isa = XCConfigurationList;
			buildConfigurations = (
				0AD7F2AB20A034DD00592635 /* Debug */,
				0AD7F2AC20A034DD00592635 /* Release */,
			);
			defaultConfigurationIsVisible = 0;
			defaultConfigurationName = Release;
		};
		C9DDA3B62269C90B004BB735 /* Build configuration list for PBXNativeTarget "Unicorn macOS Example" */ = {
			isa = XCConfigurationList;
			buildConfigurations = (
				C9DDA3B72269C90B004BB735 /* Debug */,
				C9DDA3B82269C90B004BB735 /* Release */,
			);
			defaultConfigurationIsVisible = 0;
			defaultConfigurationName = Release;
		};
/* End XCConfigurationList section */
	};
	rootObject = 0A7655B02022EF1B0061FEC8 /* Project object */;
}
